{
  "name": "agent-trader",
  "version": "1.0.0",
  "lockfileVersion": 3,
  "requires": true,
  "packages": {
    "": {
      "name": "agent-trader",
      "version": "1.0.0",
      "dependencies": {
        "@anthropic-ai/claude-agent-sdk": "^0.3.0",
        "dotenv": "^16.4.0",
        "zod": "^3.23.0"
      },
      "bin": {
        "agent-trader": "agentTrader.js"
      }
    },
    "node_modules/@anthropic-ai/claude-agent-sdk": {
      "version": "0.3.178",
      "resolved": "https://registry.npmjs.org/@anthropic-ai/claude-agent-sdk/-/claude-agent-sdk-0.3.178.tgz",
      "integrity": "sha512-PNsz20jWuahDWq7OU+pjrgYzr2TnpC1oj5yCZDxGWJ8OvucXIdD2AYlf/vUo7oE2JJwGbMTBFqXErNrfPi6Ffw==",
      "license": "SEE LICENSE IN README.md",
      "engines": {
        "node": ">=18.0.0"
      },
      "optionalDependencies": {
        "@anthropic-ai/claude-agent-sdk-darwin-arm64": "0.3.178",
        "@anthropic-ai/claude-agent-sdk-darwin-x64": "0.3.178",
        "@anthropic-ai/claude-agent-sdk-linux-arm64": "0.3.178",
        "@anthropic-ai/claude-agent-sdk-linux-arm64-musl": "0.3.178",
        "@anthropic-ai/claude-agent-sdk-linux-x64": "0.3.178",
        "@anthropic-ai/claude-agent-sdk-linux-x64-musl": "0.3.178",
        "@anthropic-ai/claude-agent-sdk-win32-arm64": "0.3.178",
        "@anthropic-ai/claude-agent-sdk-win32-x64": "0.3.178"
      },
      "peerDependencies": {
        "@anthropic-ai/sdk": ">=0.93.0",
        "@modelcontextprotocol/sdk": "^1.29.0",
        "zod": "^4.0.0"
      }
    },
    "node_modules/@anthropic-ai/claude-agent-sdk-darwin-arm64": {
      "version": "0.3.178",
      "resolved": "https://registry.npmjs.org/@anthropic-ai/claude-agent-sdk-darwin-arm64/-/claude-agent-sdk-darwin-arm64-0.3.178.tgz",
      "integrity": "sha512-RmIJRoZfjwcrd7cHR3fJOL1d4L8SN7oB0REcQPbIuPM1vav2Ft3g5hBX7I86u52A4LLFKBc3SMom3+E6lR1YtQ==",
      "cpu": [
        "arm64"
      ],
      "license": "SEE LICENSE IN LICENSE.md",
      "optional": true,
      "os": [
        "darwin"
      ]
    },
    "node_modules/@anthropic-ai/claude-agent-sdk-darwin-x64": {
      "version": "0.3.178",
      "resolved": "https://registry.npmjs.org/@anthropic-ai/claude-agent-sdk-darwin-x64/-/claude-agent-sdk-darwin-x64-0.3.178.tgz",
      "integrity": "sha512-wfNl7JoaUk9IzKWQPr+hyEOX8qnkM+e4GBZnKISh60xVhW9wOOp5RdfnYj5MoJzaLYivMSCbo5rb4ThWguhOMw==",
      "cpu": [
        "x64"
      ],
      "license": "SEE LICENSE IN LICENSE.md",
      "optional": true,
      "os": [
        "darwin"
      ]
    },
    "node_modules/@anthropic-ai/claude-agent-sdk-linux-arm64": {
      "version": "0.3.178",
      "resolved": "https://registry.npmjs.org/@anthropic-ai/claude-agent-sdk-linux-arm64/-/claude-agent-sdk-linux-arm64-0.3.178.tgz",
      "integrity": "sha512-ktBU6EdJoZivf67AxRXe2uSwj0g5tCe20So9QvWVKuEEtRA4sXW5EpgxSWT6LXkgfwUoeNsJK7VAOuVjZumKmg==",
      "cpu": [
        "arm64"
      ],
      "libc": [
        "glibc"
      ],
      "license": "SEE LICENSE IN LICENSE.md",
      "optional": true,
      "os": [
        "linux"
      ]
    },
    "node_modules/@anthropic-ai/claude-agent-sdk-linux-arm64-musl": {
      "version": "0.3.178",
      "resolved": "https://registry.npmjs.org/@anthropic-ai/claude-agent-sdk-linux-arm64-musl/-/claude-agent-sdk-linux-arm64-musl-0.3.178.tgz",
      "integrity": "sha512-Z3U0fNatVK3vkki3e5sjlLJMjros+cT6uq//tdohB2kjNK1CugUuPQFQxd6GU1Lq1DokmdSEPL4OGdKiHckNdQ==",
      "cpu": [
        "arm64"
      ],
      "libc": [
        "musl"
      ],
      "license": "SEE LICENSE IN LICENSE.md",
      "optional": true,
      "os": [
        "linux"
      ]
    },
    "node_modules/@anthropic-ai/claude-agent-sdk-linux-x64": {
      "version": "0.3.178",
      "resolved": "https://registry.npmjs.org/@anthropic-ai/claude-agent-sdk-linux-x64/-/claude-agent-sdk-linux-x64-0.3.178.tgz",
      "integrity": "sha512-CPTivDz27LMn5m9iQnJSoWkztLo41e8QTbuYKlAC+CTr98gaYy3Mao0M2tirEK/nGno0xRJw/EpZ1G61yEM3yw==",
      "cpu": [
        "x64"
      ],
      "libc": [
        "glibc"
      ],
      "license": "SEE LICENSE IN LICENSE.md",
      "optional": true,
      "os": [
        "linux"
      ]
    },
    "node_modules/@anthropic-ai/claude-agent-sdk-linux-x64-musl": {
      "version": "0.3.178",
      "resolved": "https://registry.npmjs.org/@anthropic-ai/claude-agent-sdk-linux-x64-musl/-/claude-agent-sdk-linux-x64-musl-0.3.178.tgz",
      "integrity": "sha512-K84Ybyr0Olsslg2I1Tzd7KIcSkZgFqqDHn7q1Dfqi7bXVxjMjJ4SaV+LnEAeHSM2es7H8A7ejoTEl89xMZde4Q==",
      "cpu": [
        "x64"
      ],
      "libc": [
        "musl"
      ],
      "license": "SEE LICENSE IN LICENSE.md",
      "optional": true,
      "os": [
        "linux"
      ]
    },
    "node_modules/@anthropic-ai/claude-agent-sdk-win32-arm64": {
      "version": "0.3.178",
      "resolved": "https://registry.npmjs.org/@anthropic-ai/claude-agent-sdk-win32-arm64/-/claude-agent-sdk-win32-arm64-0.3.178.tgz",
      "integrity": "sha512-uKH3vgv7cQV3d9BPU4lrUKrFgoU/flmy/1QI62j9JzgE6uWVQKWC+BI4V7iceJ36tYVneRhjjuux+l+Q8egTHA==",
      "cpu": [
        "arm64"
      ],
      "license": "SEE LICENSE IN LICENSE.md",
      "optional": true,
      "os": [
        "win32"
      ]
    },
    "node_modules/@anthropic-ai/claude-agent-sdk-win32-x64": {
      "version": "0.3.178",
      "resolved": "https://registry.npmjs.org/@anthropic-ai/claude-agent-sdk-win32-x64/-/claude-agent-sdk-win32-x64-0.3.178.tgz",
      "integrity": "sha512-wSC5qG6UA1laWGylOU7axuC4NQxZJtibGQ79sYeOQCc05G7CfkUKSzszLOzsPP3eK63cKi/bX5PA6dd4nA5Wow==",
      "cpu": [
        "x64"
      ],
      "license": "SEE LICENSE IN LICENSE.md",
      "optional": true,
      "os": [
        "win32"
      ]
    },
    "node_modules/dotenv": {
      "version": "16.6.1",
      "resolved": "https://registry.npmjs.org/dotenv/-/dotenv-16.6.1.tgz",
      "integrity": "sha512-uBq4egWHTcTt33a72vpSG0z3HnPuIl6NqYcTrKEg2azoEyl2hpW0zqlxysq2pK9HlDIHyHyakeYaYnSAwd8bow==",
      "license": "BSD-2-Clause",
      "engines": {
        "node": ">=12"
      },
      "funding": {
        "url": "https://dotenvx.com"
      }
    },
    "node_modules/zod": {
      "version": "3.25.76",
      "resolved": "https://registry.npmjs.org/zod/-/zod-3.25.76.tgz",
      "integrity": "sha512-gzUt/qt81nXsFGKIFcC3YnfEAx5NkunCfnDlvuBSSFS02bcXu4Lmea0AFIUwbLWxWPx3d9p8S5QoaujKcNQxcQ==",
      "license": "MIT",
      "funding": {
        "url": "https://github.com/sponsors/colinhacks"
      }
    }
  }
}
